
Microsoft Visual Studio Solution File, Format Version 12.00
# Visual Studio Version 16
VisualStudioVersion = 16.0.30320.27
MinimumVisualStudioVersion = 10.0.40219.1
Project("{9A19103F-16F7-4668-BE54-9A1E7A4F7556}") = "GRPCService", "GRPCService\GRPCService.csproj", "{04DDA7F4-B72B-428C-B8FF-971FDA4DC49A}"
EndProject
Project("{FAE04EC0-301F-11D3-BF4B-00C04F79EFBC}") = "GrpcGreeterClient", "ConsoleApp\GrpcGreeterClient.csproj", "{E8EBC51E-71E4-4F0B-B7D0-539634206038}"
EndProject
Global
	GlobalSection(SolutionConfigurationPlatforms) = preSolution
		Debug|Any CPU = Debug|Any CPU
		Release|Any CPU = Release|Any CPU
	EndGlobalSection
	GlobalSection(ProjectConfigurationPlatforms) = postSolution
		{04DDA7F4-B72B-428C-B8FF-971FDA4DC49A}.Debug|Any CPU.ActiveCfg = Debug|Any CPU
		{04DDA7F4-B72B-428C-B8FF-971FDA4DC49A}.Debug|Any CPU.Build.0 = Debug|Any CPU
		{04DDA7F4-B72B-428C-B8FF-971FDA4DC49A}.Release|Any CPU.ActiveCfg = Release|Any CPU
		{04DDA7F4-B72B-428C-B8FF-971FDA4DC49A}.Release|Any CPU.Build.0 = Release|Any CPU
		{E8EBC51E-71E4-4F0B-B7D0-539634206038}.Debug|Any CPU.ActiveCfg = Debug|Any CPU
		{E8EBC51E-71E4-4F0B-B7D0-539634206038}.Debug|Any CPU.Build.0 = Debug|Any CPU
		{E8EBC51E-71E4-4F0B-B7D0-539634206038}.Release|Any CPU.ActiveCfg = Release|Any CPU
		{E8EBC51E-71E4-4F0B-B7D0-539634206038}.Release|Any CPU.Build.0 = Release|Any CPU
	EndGlobalSection
	GlobalSection(SolutionProperties) = preSolution
		HideSolutionNode = FALSE
	EndGlobalSection
	GlobalSection(ExtensibilityGlobals) = postSolution
		SolutionGuid = {DBC869FE-2005-4622-8AA0-968CC20616B2}
	EndGlobalSection
EndGlobal
